Microsoft Visual Studio Solution File, Format Version 12.00
# Visual Studio Version 17
VisualStudioVersion = 17.0.31912.123
MinimumVisualStudioVersion = 10.0.40219.1
Project("{FAE04EC0-301F-11D3-BF4B-00C04F79EFBC}") = "TaskManager.Api", "src\TaskManager.Api\TaskManager.Api.csproj", "{12375EB0-2722-4D5E-9B3C-71B2562176A6}"
EndProject
Project("{FAE04EC0-301F-11D3-BF4B-00C04F79EFBC}") = "TaskManager.Application", "src\TaskManager.Application\TaskManager.Application.csproj", "{265BD80F-7677-450A-8E49-CF1595B4A588}"
EndProject
Project("{FAE04EC0-301F-11D3-BF4B-00C04F79EFBC}") = "TaskManager.Domain", "src\TaskManager.Domain\TaskManager.Domain.csproj", "{2500B125-6F1D-4FE1-AEC6-41D975CF6693}"
EndProject
Project("{FAE04EC0-301F-11D3-BF4B-00C04F79EFBC}") = "TaskManager.Infrastructure", "src\TaskManager.Infrastructure\TaskManager.Infrastructure.csproj", "{A07BDEE6-30EF-4C6E-AC01-369B26DFF257}"
EndProject
Global
	GlobalSection(SolutionConfigurationPlatforms) = preSolution
		Debug|Any CPU = Debug|Any CPU
		Release|Any CPU = Release|Any CPU
	EndGlobalSection
	GlobalSection(ProjectConfigurationPlatforms) = postSolution
		{12375EB0-2722-4D5E-9B3C-71B2562176A6}.Debug|Any CPU.ActiveCfg = Debug|Any CPU
		{12375EB0-2722-4D5E-9B3C-71B2562176A6}.Debug|Any CPU.Build.0 = Debug|Any CPU
		{12375EB0-2722-4D5E-9B3C-71B2562176A6}.Release|Any CPU.ActiveCfg = Release|Any CPU
		{12375EB0-2722-4D5E-9B3C-71B2562176A6}.Release|Any CPU.Build.0 = Release|Any CPU
		{265BD80F-7677-450A-8E49-CF1595B4A588}.Debug|Any CPU.ActiveCfg = Debug|Any CPU
		{265BD80F-7677-450A-8E49-CF1595B4A588}.Debug|Any CPU.Build.0 = Debug|Any CPU
		{265BD80F-7677-450A-8E49-CF1595B4A588}.Release|Any CPU.ActiveCfg = Release|Any CPU
		{265BD80F-7677-450A-8E49-CF1595B4A588}.Release|Any CPU.Build.0 = Release|Any CPU
		{2500B125-6F1D-4FE1-AEC6-41D975CF6693}.Debug|Any CPU.ActiveCfg = Debug|Any CPU
		{2500B125-6F1D-4FE1-AEC6-41D975CF6693}.Debug|Any CPU.Build.0 = Debug|Any CPU
		{2500B125-6F1D-4FE1-AEC6-41D975CF6693}.Release|Any CPU.ActiveCfg = Release|Any CPU
		{2500B125-6F1D-4FE1-AEC6-41D975CF6693}.Release|Any CPU.Build.0 = Release|Any CPU
		{A07BDEE6-30EF-4C6E-AC01-369B26DFF257}.Debug|Any CPU.ActiveCfg = Debug|Any CPU
		{A07BDEE6-30EF-4C6E-AC01-369B26DFF257}.Debug|Any CPU.Build.0 = Debug|Any CPU
		{A07BDEE6-30EF-4C6E-AC01-369B26DFF257}.Release|Any CPU.ActiveCfg = Release|Any CPU
		{A07BDEE6-30EF-4C6E-AC01-369B26DFF257}.Release|Any CPU.Build.0 = Release|Any CPU
	EndGlobalSection
	GlobalSection(SolutionProperties) = preSolution
		HideSolutionNode = FALSE
	EndGlobalSection
EndGlobal
